
Microsoft Visual Studio Solution File, Format Version 12.00
# Visual Studio 14
VisualStudioVersion = 14.0.25420.1
MinimumVisualStudioVersion = 10.0.40219.1
Project("{E24C65DC-7377-472B-9ABA-BC803B73C61A}") = "techHTML", "techHTML\", "{678A3E85-5EEB-4F6E-9DDD-57AB91ACEA13}"
	ProjectSection(WebsiteProperties) = preProject
		TargetFrameworkMoniker = ".NETFramework,Version%3Dv4.0"
		Debug.AspNetCompiler.VirtualPath = "/localhost_23775"
		Debug.AspNetCompiler.PhysicalPath = "techHTML\"
		Debug.AspNetCompiler.TargetPath = "PrecompiledWeb\localhost_23775\"
		Debug.AspNetCompiler.Updateable = "true"
		Debug.AspNetCompiler.ForceOverwrite = "true"
		Debug.AspNetCompiler.FixedNames = "false"
		Debug.AspNetCompiler.Debug = "True"
		Release.AspNetCompiler.VirtualPath = "/localhost_23775"
		Release.AspNetCompiler.PhysicalPath = "techHTML\"
		Release.AspNetCompiler.TargetPath = "PrecompiledWeb\localhost_23775\"
		Release.AspNetCompiler.Updateable = "true"
		Release.AspNetCompiler.ForceOverwrite = "true"
		Release.AspNetCompiler.FixedNames = "false"
		Release.AspNetCompiler.Debug = "False"
		VWDPort = "23775"
		SlnRelativePath = "techHTML\"
		DefaultWebSiteLanguage = "Visual C#"
	EndProjectSection
EndProject
Project("{FAE04EC0-301F-11D3-BF4B-00C04F79EFBC}") = "techWinForm", "techWinForm\techWinForm.csproj", "{E4E34A8B-A6B8-4D75-9090-DFF4CA043C94}"
EndProject
Project("{FAE04EC0-301F-11D3-BF4B-00C04F79EFBC}") = "cnetParse", "cnetParse\cnetParse.csproj", "{B3474A77-05C1-4244-806E-19BEB72164FA}"
EndProject
Project("{9092AA53-FB77-4645-B42D-1CCCA6BD08BD}") = "techNodejsConsole", "techNodejsConsole\techNodejsConsole.njsproj", "{4F3A9D2B-6207-40EA-A4BF-FC9C102EFE91}"
EndProject
Global
	GlobalSection(SolutionConfigurationPlatforms) = preSolution
		Debug|Any CPU = Debug|Any CPU
		Release|Any CPU = Release|Any CPU
	EndGlobalSection
	GlobalSection(ProjectConfigurationPlatforms) = postSolution
		{678A3E85-5EEB-4F6E-9DDD-57AB91ACEA13}.Debug|Any CPU.ActiveCfg = Debug|Any CPU
		{678A3E85-5EEB-4F6E-9DDD-57AB91ACEA13}.Debug|Any CPU.Build.0 = Debug|Any CPU
		{678A3E85-5EEB-4F6E-9DDD-57AB91ACEA13}.Release|Any CPU.ActiveCfg = Debug|Any CPU
		{678A3E85-5EEB-4F6E-9DDD-57AB91ACEA13}.Release|Any CPU.Build.0 = Debug|Any CPU
		{E4E34A8B-A6B8-4D75-9090-DFF4CA043C94}.Debug|Any CPU.ActiveCfg = Debug|Any CPU
		{E4E34A8B-A6B8-4D75-9090-DFF4CA043C94}.Debug|Any CPU.Build.0 = Debug|Any CPU
		{E4E34A8B-A6B8-4D75-9090-DFF4CA043C94}.Release|Any CPU.ActiveCfg = Release|Any CPU
		{E4E34A8B-A6B8-4D75-9090-DFF4CA043C94}.Release|Any CPU.Build.0 = Release|Any CPU
		{B3474A77-05C1-4244-806E-19BEB72164FA}.Debug|Any CPU.ActiveCfg = Debug|Any CPU
		{B3474A77-05C1-4244-806E-19BEB72164FA}.Debug|Any CPU.Build.0 = Debug|Any CPU
		{B3474A77-05C1-4244-806E-19BEB72164FA}.Release|Any CPU.ActiveCfg = Release|Any CPU
		{B3474A77-05C1-4244-806E-19BEB72164FA}.Release|Any CPU.Build.0 = Release|Any CPU
		{4F3A9D2B-6207-40EA-A4BF-FC9C102EFE91}.Debug|Any CPU.ActiveCfg = Debug|Any CPU
		{4F3A9D2B-6207-40EA-A4BF-FC9C102EFE91}.Debug|Any CPU.Build.0 = Debug|Any CPU
		{4F3A9D2B-6207-40EA-A4BF-FC9C102EFE91}.Release|Any CPU.ActiveCfg = Release|Any CPU
		{4F3A9D2B-6207-40EA-A4BF-FC9C102EFE91}.Release|Any CPU.Build.0 = Release|Any CPU
	EndGlobalSection
	GlobalSection(SolutionProperties) = preSolution
		HideSolutionNode = FALSE
	EndGlobalSection
EndGlobal
